
Microsoft Visual Studio Solution File, Format Version 12.00
# Visual Studio 2013
VisualStudioVersion = 12.0.30723.0
MinimumVisualStudioVersion = 10.0.40219.1
Project("{FAE04EC0-301F-11D3-BF4B-00C04F79EFBC}") = "Demo.Web", "Demo.Web\Demo.Web.csproj", "{06111AEA-2F68-4701-A594-B8A20BA7755E}"
EndProject
Project("{FAE04EC0-301F-11D3-BF4B-00C04F79EFBC}") = "Demo.Core", "Demo.Core\Demo.Core.csproj", "{190A7474-E251-4262-8E40-D29CF7533766}"
EndProject
Global
	GlobalSection(SolutionConfigurationPlatforms) = preSolution
		Debug|Any CPU = Debug|Any CPU
		Release|Any CPU = Release|Any CPU
	EndGlobalSection
	GlobalSection(ProjectConfigurationPlatforms) = postSolution
		{06111AEA-2F68-4701-A594-B8A20BA7755E}.Debug|Any CPU.ActiveCfg = Debug|Any CPU
		{06111AEA-2F68-4701-A594-B8A20BA7755E}.Debug|Any CPU.Build.0 = Debug|Any CPU
		{06111AEA-2F68-4701-A594-B8A20BA7755E}.Release|Any CPU.ActiveCfg = Release|Any CPU
		{06111AEA-2F68-4701-A594-B8A20BA7755E}.Release|Any CPU.Build.0 = Release|Any CPU
		{190A7474-E251-4262-8E40-D29CF7533766}.Debug|Any CPU.ActiveCfg = Debug|Any CPU
		{190A7474-E251-4262-8E40-D29CF7533766}.Debug|Any CPU.Build.0 = Debug|Any CPU
		{190A7474-E251-4262-8E40-D29CF7533766}.Release|Any CPU.ActiveCfg = Release|Any CPU
		{190A7474-E251-4262-8E40-D29CF7533766}.Release|Any CPU.Build.0 = Release|Any CPU
	EndGlobalSection
	GlobalSection(SolutionProperties) = preSolution
		HideSolutionNode = FALSE
	EndGlobalSection
EndGlobal
